
Microsoft Visual Studio Solution File, Format Version 12.00
# Visual Studio Version 17
VisualStudioVersion = 17.0.31903.59
MinimumVisualStudioVersion = 10.0.40219.1
Project("{FAE04EC0-301F-11D3-BF4B-00C04F79EFBC}") = "SpotifyWebApi", "SpotifyWebApi\SpotifyWebApi.csproj", "{46AC4662-0547-419B-92F3-1A88C0051081}"
EndProject
Project("{FAE04EC0-301F-11D3-BF4B-00C04F79EFBC}") = "SpotifyWebApi.Tests", "SpotifyWebApi.Tests\SpotifyWebApi.Tests.csproj", "{FB366A96-D63D-4506-AD9C-B4A06C6EB0AB}"
EndProject
Global
	GlobalSection(SolutionConfigurationPlatforms) = preSolution
		Debug|Any CPU = Debug|Any CPU
		Release|Any CPU = Release|Any CPU
	EndGlobalSection
	GlobalSection(SolutionProperties) = preSolution
		HideSolutionNode = FALSE
	EndGlobalSection
	GlobalSection(ProjectConfigurationPlatforms) = postSolution
		{46AC4662-0547-419B-92F3-1A88C0051081}.Debug|Any CPU.ActiveCfg = Debug|Any CPU
		{46AC4662-0547-419B-92F3-1A88C0051081}.Debug|Any CPU.Build.0 = Debug|Any CPU
		{46AC4662-0547-419B-92F3-1A88C0051081}.Release|Any CPU.ActiveCfg = Release|Any CPU
		{46AC4662-0547-419B-92F3-1A88C0051081}.Release|Any CPU.Build.0 = Release|Any CPU
		{FB366A96-D63D-4506-AD9C-B4A06C6EB0AB}.Debug|Any CPU.ActiveCfg = Debug|Any CPU
		{FB366A96-D63D-4506-AD9C-B4A06C6EB0AB}.Debug|Any CPU.Build.0 = Debug|Any CPU
		{FB366A96-D63D-4506-AD9C-B4A06C6EB0AB}.Release|Any CPU.ActiveCfg = Release|Any CPU
		{FB366A96-D63D-4506-AD9C-B4A06C6EB0AB}.Release|Any CPU.Build.0 = Release|Any CPU
	EndGlobalSection
EndGlobal
